
Microsoft Visual Studio Solution File, Format Version 10.00
# Visual C++ Express 2008
Project("{8BC9CEB8-8B4A-11D0-8D11-00A0C91BC942}") = "1", "1\1.vcproj", "{A1AA4226-9C5F-45BC-B8B9-9590524B161F}"
EndProject
Global
	GlobalSection(SolutionConfigurationPlatforms) = preSolution
		Debug|Win32 = Debug|Win32
		Release|Win32 = Release|Win32
	EndGlobalSection
	GlobalSection(ProjectConfigurationPlatforms) = postSolution
		{A1AA4226-9C5F-45BC-B8B9-9590524B161F}.Debug|Win32.ActiveCfg = Debug|Win32
		{A1AA4226-9C5F-45BC-B8B9-9590524B161F}.Debug|Win32.Build.0 = Debug|Win32
		{A1AA4226-9C5F-45BC-B8B9-9590524B161F}.Release|Win32.ActiveCfg = Release|Win32
		{A1AA4226-9C5F-45BC-B8B9-9590524B161F}.Release|Win32.Build.0 = Release|Win32
	EndGlobalSection
	GlobalSection(SolutionProperties) = preSolution
		HideSolutionNode = FALSE
	EndGlobalSection
EndGlobal
